
Microsoft Visual Studio Solution File, Format Version 12.00
# Visual Studio Version 17
VisualStudioVersion = 17.4.33213.308
MinimumVisualStudioVersion = 10.0.40219.1
Project("{FAE04EC0-301F-11D3-BF4B-00C04F79EFBC}") = "NetCoreMvc", "NetCoreMvc\NetCoreMvc.csproj", "{AAA30F90-A0A2-45B3-BC17-701E931190AF}"
EndProject
Global
	GlobalSection(SolutionConfigurationPlatforms) = preSolution
		Debug|Any CPU = Debug|Any CPU
		Release|Any CPU = Release|Any CPU
	EndGlobalSection
	GlobalSection(ProjectConfigurationPlatforms) = postSolution
		{AAA30F90-A0A2-45B3-BC17-701E931190AF}.Debug|Any CPU.ActiveCfg = Debug|Any CPU
		{AAA30F90-A0A2-45B3-BC17-701E931190AF}.Debug|Any CPU.Build.0 = Debug|Any CPU
		{AAA30F90-A0A2-45B3-BC17-701E931190AF}.Release|Any CPU.ActiveCfg = Release|Any CPU
		{AAA30F90-A0A2-45B3-BC17-701E931190AF}.Release|Any CPU.Build.0 = Release|Any CPU
	EndGlobalSection
	GlobalSection(SolutionProperties) = preSolution
		HideSolutionNode = FALSE
	EndGlobalSection
	GlobalSection(ExtensibilityGlobals) = postSolution
		SolutionGuid = {50D805BD-AC08-4B22-9661-95FFF88DE313}
	EndGlobalSection
EndGlobal
